
Microsoft Visual Studio Solution File, Format Version 12.00
# Visual Studio 2012
Project("{FAE04EC0-301F-11D3-BF4B-00C04F79EFBC}") = "ArcTouchTMDb.Core", "ArcTouchTMDb.Core\ArcTouchTMDb.Core.csproj", "{9F86DFAE-FB18-4680-9D0C-A03EE1354833}"
EndProject
Project("{2150E333-8FDC-42A3-9474-1A3956D46DE8}") = "Tests", "Tests", "{4A672882-59C8-4D37-B781-4EE4244D2E26}"
EndProject
Project("{FAE04EC0-301F-11D3-BF4B-00C04F79EFBC}") = "ArcTouchTMDb.Core.Tests", "ArcTouchTMDb.Core.Tests\ArcTouchTMDb.Core.Tests.csproj", "{8A12B204-F127-4ABC-913D-B5E12C91D98B}"
EndProject
Project("{FAE04EC0-301F-11D3-BF4B-00C04F79EFBC}") = "ArcTouchTMDb.Droid", "ArcTouchTMDb.Droid\ArcTouchTMDb.Droid.csproj", "{6D95C802-F88F-41E2-9741-09A30C0ED165}"
EndProject
Global
	GlobalSection(SolutionConfigurationPlatforms) = preSolution
		Debug|Any CPU = Debug|Any CPU
		Release|Any CPU = Release|Any CPU
	EndGlobalSection
	GlobalSection(ProjectConfigurationPlatforms) = postSolution
		{9F86DFAE-FB18-4680-9D0C-A03EE1354833}.Debug|Any CPU.ActiveCfg = Debug|Any CPU
		{9F86DFAE-FB18-4680-9D0C-A03EE1354833}.Debug|Any CPU.Build.0 = Debug|Any CPU
		{9F86DFAE-FB18-4680-9D0C-A03EE1354833}.Release|Any CPU.ActiveCfg = Release|Any CPU
		{9F86DFAE-FB18-4680-9D0C-A03EE1354833}.Release|Any CPU.Build.0 = Release|Any CPU
		{8A12B204-F127-4ABC-913D-B5E12C91D98B}.Debug|Any CPU.ActiveCfg = Debug|Any CPU
		{8A12B204-F127-4ABC-913D-B5E12C91D98B}.Debug|Any CPU.Build.0 = Debug|Any CPU
		{8A12B204-F127-4ABC-913D-B5E12C91D98B}.Release|Any CPU.ActiveCfg = Release|Any CPU
		{8A12B204-F127-4ABC-913D-B5E12C91D98B}.Release|Any CPU.Build.0 = Release|Any CPU
		{6D95C802-F88F-41E2-9741-09A30C0ED165}.Debug|Any CPU.ActiveCfg = Debug|Any CPU
		{6D95C802-F88F-41E2-9741-09A30C0ED165}.Debug|Any CPU.Build.0 = Debug|Any CPU
		{6D95C802-F88F-41E2-9741-09A30C0ED165}.Release|Any CPU.ActiveCfg = Release|Any CPU
		{6D95C802-F88F-41E2-9741-09A30C0ED165}.Release|Any CPU.Build.0 = Release|Any CPU
	EndGlobalSection
	GlobalSection(NestedProjects) = preSolution
		{8A12B204-F127-4ABC-913D-B5E12C91D98B} = {4A672882-59C8-4D37-B781-4EE4244D2E26}
	EndGlobalSection
EndGlobal
